
Microsoft Visual Studio Solution File, Format Version 12.00
# Visual Studio 15
VisualStudioVersion = 15.0.28307.1062
MinimumVisualStudioVersion = 10.0.40219.1
Project("{FAE04EC0-301F-11D3-BF4B-00C04F79EFBC}") = "GigHub", "GigHub\GigHub.csproj", "{2EC6CE1A-76A5-4C64-9B8F-D67342AC056C}"
EndProject
Global
	GlobalSection(SolutionConfigurationPlatforms) = preSolution
		Debug|Any CPU = Debug|Any CPU
		Release|Any CPU = Release|Any CPU
	EndGlobalSection
	GlobalSection(ProjectConfigurationPlatforms) = postSolution
		{2EC6CE1A-76A5-4C64-9B8F-D67342AC056C}.Debug|Any CPU.ActiveCfg = Debug|Any CPU
		{2EC6CE1A-76A5-4C64-9B8F-D67342AC056C}.Debug|Any CPU.Build.0 = Debug|Any CPU
		{2EC6CE1A-76A5-4C64-9B8F-D67342AC056C}.Release|Any CPU.ActiveCfg = Release|Any CPU
		{2EC6CE1A-76A5-4C64-9B8F-D67342AC056C}.Release|Any CPU.Build.0 = Release|Any CPU
	EndGlobalSection
	GlobalSection(SolutionProperties) = preSolution
		HideSolutionNode = FALSE
	EndGlobalSection
	GlobalSection(ExtensibilityGlobals) = postSolution
		SolutionGuid = {5B505D0E-581C-4A82-8746-A2EDF6B7DA6A}
	EndGlobalSection
EndGlobal
